
Microsoft Visual Studio Solution File, Format Version 12.00
# Visual Studio Version 17
VisualStudioVersion = 17.11.35303.130
MinimumVisualStudioVersion = 10.0.40219.1
Project("{FAE04EC0-301F-11D3-BF4B-00C04F79EFBC}") = "BackendEPPO", "BackendEPPO\BackendEPPO.csproj", "{4DFCA6FF-9DE9-4E63-A330-4DA1DFFE31A6}"
EndProject
Project("{FAE04EC0-301F-11D3-BF4B-00C04F79EFBC}") = "BusinessObjects", "BusinessObjects\BusinessObjects.csproj", "{5CA67969-7393-4E22-9C63-15C246CF91D2}"
EndProject
Project("{FAE04EC0-301F-11D3-BF4B-00C04F79EFBC}") = "Repository", "Repository\Repository.csproj", "{BC7DE65A-7580-403E-B70C-BDE01BE49BCF}"
EndProject
Project("{FAE04EC0-301F-11D3-BF4B-00C04F79EFBC}") = "DTOs", "DTOs\DTOs.csproj", "{FB674CA3-AF84-4019-BE17-C51C655F97EB}"
EndProject
Project("{FAE04EC0-301F-11D3-BF4B-00C04F79EFBC}") = "Service", "Service\Service.csproj", "{07384393-843F-4463-9CA9-43936DEFBFCA}"
EndProject
Global
	GlobalSection(SolutionConfigurationPlatforms) = preSolution
		Debug|Any CPU = Debug|Any CPU
		Release|Any CPU = Release|Any CPU
	EndGlobalSection
	GlobalSection(ProjectConfigurationPlatforms) = postSolution
		{4DFCA6FF-9DE9-4E63-A330-4DA1DFFE31A6}.Debug|Any CPU.ActiveCfg = Debug|Any CPU
		{4DFCA6FF-9DE9-4E63-A330-4DA1DFFE31A6}.Debug|Any CPU.Build.0 = Debug|Any CPU
		{4DFCA6FF-9DE9-4E63-A330-4DA1DFFE31A6}.Release|Any CPU.ActiveCfg = Release|Any CPU
		{4DFCA6FF-9DE9-4E63-A330-4DA1DFFE31A6}.Release|Any CPU.Build.0 = Release|Any CPU
		{5CA67969-7393-4E22-9C63-15C246CF91D2}.Debug|Any CPU.ActiveCfg = Debug|Any CPU
		{5CA67969-7393-4E22-9C63-15C246CF91D2}.Debug|Any CPU.Build.0 = Debug|Any CPU
		{5CA67969-7393-4E22-9C63-15C246CF91D2}.Release|Any CPU.ActiveCfg = Release|Any CPU
		{5CA67969-7393-4E22-9C63-15C246CF91D2}.Release|Any CPU.Build.0 = Release|Any CPU
		{BC7DE65A-7580-403E-B70C-BDE01BE49BCF}.Debug|Any CPU.ActiveCfg = Debug|Any CPU
		{BC7DE65A-7580-403E-B70C-BDE01BE49BCF}.Debug|Any CPU.Build.0 = Debug|Any CPU
		{BC7DE65A-7580-403E-B70C-BDE01BE49BCF}.Release|Any CPU.ActiveCfg = Release|Any CPU
		{BC7DE65A-7580-403E-B70C-BDE01BE49BCF}.Release|Any CPU.Build.0 = Release|Any CPU
		{FB674CA3-AF84-4019-BE17-C51C655F97EB}.Debug|Any CPU.ActiveCfg = Debug|Any CPU
		{FB674CA3-AF84-4019-BE17-C51C655F97EB}.Debug|Any CPU.Build.0 = Debug|Any CPU
		{FB674CA3-AF84-4019-BE17-C51C655F97EB}.Release|Any CPU.ActiveCfg = Release|Any CPU
		{FB674CA3-AF84-4019-BE17-C51C655F97EB}.Release|Any CPU.Build.0 = Release|Any CPU
		{07384393-843F-4463-9CA9-43936DEFBFCA}.Debug|Any CPU.ActiveCfg = Debug|Any CPU
		{07384393-843F-4463-9CA9-43936DEFBFCA}.Debug|Any CPU.Build.0 = Debug|Any CPU
		{07384393-843F-4463-9CA9-43936DEFBFCA}.Release|Any CPU.ActiveCfg = Release|Any CPU
		{07384393-843F-4463-9CA9-43936DEFBFCA}.Release|Any CPU.Build.0 = Release|Any CPU
	EndGlobalSection
	GlobalSection(SolutionProperties) = preSolution
		HideSolutionNode = FALSE
	EndGlobalSection
	GlobalSection(ExtensibilityGlobals) = postSolution
		SolutionGuid = {97F0FD0B-CEE1-452B-B8DE-0E2E47CC34C8}
	EndGlobalSection
EndGlobal
